
Microsoft Visual Studio Solution File, Format Version 12.00
# Visual Studio Version 16
VisualStudioVersion = 16.0.810.14
MinimumVisualStudioVersion = 10.0.40219.1
Project("{FAE04EC0-301F-11D3-BF4B-00C04F79EFBC}") = "noq-roomq-csharp-sdk", "noq-roomq-csharp-sdk.csproj", "{94AD98E9-735E-40D1-BCFB-8F88CA173D62}"
EndProject
Global
	GlobalSection(SolutionConfigurationPlatforms) = preSolution
		Debug|Any CPU = Debug|Any CPU
		Release|Any CPU = Release|Any CPU
	EndGlobalSection
	GlobalSection(ProjectConfigurationPlatforms) = postSolution
		{94AD98E9-735E-40D1-BCFB-8F88CA173D62}.Debug|Any CPU.ActiveCfg = Debug|Any CPU
		{94AD98E9-735E-40D1-BCFB-8F88CA173D62}.Debug|Any CPU.Build.0 = Debug|Any CPU
		{94AD98E9-735E-40D1-BCFB-8F88CA173D62}.Release|Any CPU.ActiveCfg = Release|Any CPU
		{94AD98E9-735E-40D1-BCFB-8F88CA173D62}.Release|Any CPU.Build.0 = Release|Any CPU
	EndGlobalSection
	GlobalSection(SolutionProperties) = preSolution
		HideSolutionNode = FALSE
	EndGlobalSection
	GlobalSection(ExtensibilityGlobals) = postSolution
		SolutionGuid = {5F7A4E5F-AA3F-4BEA-814C-2F25A2623ACB}
	EndGlobalSection
EndGlobal
